Microsoft Visual Studio Solution File, Format Version 12.00
# Visual Studio Version 17
VisualStudioVersion = 17.5.2.0
MinimumVisualStudioVersion = 10.0.40219.1
Project("{2150E333-8FDC-42A3-9474-1A3956D46DE8}") = "apis", "apis", "{A493B712-D036-515A-2346-D66A3A2D9736}"
EndProject
Project("{2150E333-8FDC-42A3-9474-1A3956D46DE8}") = "minimal-api", "minimal-api", "{3C8875CF-F2E8-0CAF-DEFF-33B371285D1A}"
EndProject
Project("{FAE04EC0-301F-11D3-BF4B-00C04F79EFBC}") = "MinimalApi", ".\MinimalApi.csproj", "{FC44AF9B-BE56-3B38-C03C-F08E1E5FB0C2}"
EndProject
Global
	GlobalSection(SolutionConfigurationPlatforms) = preSolution
		Debug|Any CPU = Debug|Any CPU
		Release|Any CPU = Release|Any CPU
	EndGlobalSection
	GlobalSection(ProjectConfigurationPlatforms) = postSolution
		{FC44AF9B-BE56-3B38-C03C-F08E1E5FB0C2}.Debug|Any CPU.ActiveCfg = Debug|Any CPU
		{FC44AF9B-BE56-3B38-C03C-F08E1E5FB0C2}.Debug|Any CPU.Build.0 = Debug|Any CPU
		{FC44AF9B-BE56-3B38-C03C-F08E1E5FB0C2}.Release|Any CPU.ActiveCfg = Release|Any CPU
		{FC44AF9B-BE56-3B38-C03C-F08E1E5FB0C2}.Release|Any CPU.Build.0 = Release|Any CPU
	EndGlobalSection
	GlobalSection(SolutionProperties) = preSolution
		HideSolutionNode = FALSE
	EndGlobalSection
	GlobalSection(NestedProjects) = preSolution
		{3C8875CF-F2E8-0CAF-DEFF-33B371285D1A} = {A493B712-D036-515A-2346-D66A3A2D9736}
		{FC44AF9B-BE56-3B38-C03C-F08E1E5FB0C2} = {3C8875CF-F2E8-0CAF-DEFF-33B371285D1A}
	EndGlobalSection
	GlobalSection(ExtensibilityGlobals) = postSolution
		SolutionGuid = {729DBDFD-582D-4CDD-A1AB-64F542BD0CDD}
	EndGlobalSection
EndGlobal
